
Microsoft Visual Studio Solution File, Format Version 12.00
# Visual Studio Version 17
VisualStudioVersion = 17.6.33829.357
MinimumVisualStudioVersion = 10.0.40219.1
Project("{FAE04EC0-301F-11D3-BF4B-00C04F79EFBC}") = "01.Student_Information", "01.Student_Information\01.Student_Information.csproj", "{EFB2DC08-FEFF-4441-A668-7C12E3692509}"
EndProject
Global
	GlobalSection(SolutionConfigurationPlatforms) = preSolution
		Debug|Any CPU = Debug|Any CPU
		Release|Any CPU = Release|Any CPU
	EndGlobalSection
	GlobalSection(ProjectConfigurationPlatforms) = postSolution
		{EFB2DC08-FEFF-4441-A668-7C12E3692509}.Debug|Any CPU.ActiveCfg = Debug|Any CPU
		{EFB2DC08-FEFF-4441-A668-7C12E3692509}.Debug|Any CPU.Build.0 = Debug|Any CPU
		{EFB2DC08-FEFF-4441-A668-7C12E3692509}.Release|Any CPU.ActiveCfg = Release|Any CPU
		{EFB2DC08-FEFF-4441-A668-7C12E3692509}.Release|Any CPU.Build.0 = Release|Any CPU
	EndGlobalSection
	GlobalSection(SolutionProperties) = preSolution
		HideSolutionNode = FALSE
	EndGlobalSection
	GlobalSection(ExtensibilityGlobals) = postSolution
		SolutionGuid = {766F3FCC-F157-4A07-9FD7-16F1026B5E77}
	EndGlobalSection
EndGlobal
