
Microsoft Visual Studio Solution File, Format Version 12.00
# Visual Studio Version 17
VisualStudioVersion = 17.6.33829.357
MinimumVisualStudioVersion = 10.0.40219.1
Project("{FAE04EC0-301F-11D3-BF4B-00C04F79EFBC}") = "08. Divisible by 3", "08. Divisible by 3\08. Divisible by 3.csproj", "{A04C48B6-467F-4B1A-A975-9B18E88A835A}"
EndProject
Global
	GlobalSection(SolutionConfigurationPlatforms) = preSolution
		Debug|Any CPU = Debug|Any CPU
		Release|Any CPU = Release|Any CPU
	EndGlobalSection
	GlobalSection(ProjectConfigurationPlatforms) = postSolution
		{A04C48B6-467F-4B1A-A975-9B18E88A835A}.Debug|Any CPU.ActiveCfg = Debug|Any CPU
		{A04C48B6-467F-4B1A-A975-9B18E88A835A}.Debug|Any CPU.Build.0 = Debug|Any CPU
		{A04C48B6-467F-4B1A-A975-9B18E88A835A}.Release|Any CPU.ActiveCfg = Release|Any CPU
		{A04C48B6-467F-4B1A-A975-9B18E88A835A}.Release|Any CPU.Build.0 = Release|Any CPU
	EndGlobalSection
	GlobalSection(SolutionProperties) = preSolution
		HideSolutionNode = FALSE
	EndGlobalSection
	GlobalSection(ExtensibilityGlobals) = postSolution
		SolutionGuid = {3D7495E4-3708-4DB7-80B8-137BF357653C}
	EndGlobalSection
EndGlobal
